// !$*UTF8*$!
{
	archiveVersion = 1;
	classes = {
	};
	objectVersion = 46;
	objects = {

/* Begin PBXBuildFile section */
		9BB110EA1974285B009CB789 /* AppDelegate.swift in Sources */ = {isa = PBXBuildFile; fileRef = 9BB110E91974285B009CB789 /* AppDelegate.swift */; };
		9BB110ED1974285B009CB789 /* MMHighSchoolMultiply.xcdatamodeld in Sources */ = {isa = PBXBuildFile; fileRef = 9BB110EB1974285B009CB789 /* MMHighSchoolMultiply.xcdatamodeld */; };
		9BB110EF1974285B009CB789 /* ViewController.swift in Sources */ = {isa = PBXBuildFile; fileRef = 9BB110EE1974285B009CB789 /* ViewController.swift */; };
		9BB110F21974285B009CB789 /* Main.storyboard in Resources */ = {isa = PBXBuildFile; fileRef = 9BB110F01974285B009CB789 /* Main.storyboard */; };
		9BB110F41974285B009CB789 /* Images.xcassets in Resources */ = {isa = PBXBuildFile; fileRef = 9BB110F31974285B009CB789 /* Images.xcassets */; };
		9BB111001974285B009CB789 /* MMHighSchoolMultiplyTests.swift in Sources */ = {isa = PBXBuildFile; fileRef = 9BB110FF1974285B009CB789 /* MMHighSchoolMultiplyTests.swift */; };
/* End PBXBuildFile section */

/* Begin PBXContainerItemProxy section */
		9BB110FA1974285B009CB789 /* PBXContainerItemProxy */ = {
			isa = PBXContainerItemProxy;
			containerPortal = 9BB110DC1974285B009CB789 /* Project object */;
			proxyType = 1;
			remoteGlobalIDString = 9BB110E31974285B009CB789;
			remoteInfo = MMHighSchoolMultiply;
		};
/* End PBXContainerItemProxy section */

/* Begin PBXFileReference section */
		9BB110E41974285B009CB789 /* MMHighSchoolMultiply.app */ = {isa = PBXFileReference; explicitFileType = wrapper.application; includeInIndex = 0; path = MMHighSchoolMultiply.app; sourceTree = BUILT_PRODUCTS_DIR; };
		9BB110E81974285B009CB789 /* Info.plist */ = {isa = PBXFileReference; lastKnownFileType = text.plist.xml; path = Info.plist; sourceTree = "<group>"; };
		9BB110E91974285B009CB789 /* AppDelegate.swift */ = {isa = PBXFileReference; lastKnownFileType = sourcecode.swift; path = AppDelegate.swift; sourceTree = "<group>"; };
		9BB110EC1974285B009CB789 /* MMHighSchoolMultiply.xcdatamodel */ = {isa = PBXFileReference; lastKnownFileType = wrapper.xcdatamodel; path = MMHighSchoolMultiply.xcdatamodel; sourceTree = "<group>"; };
		9BB110EE1974285B009CB789 /* ViewController.swift */ = {isa = PBXFileReference; lastKnownFileType = sourcecode.swift; path = ViewController.swift; sourceTree = "<group>"; };
		9BB110F11974285B009CB789 /* Base */ = {isa = PBXFileReference; lastKnownFileType = file.storyboard; name = Base; path = Base.lproj/Main.storyboard; sourceTree = "<group>"; };
		9BB110F31974285B009CB789 /* Images.xcassets */ = {isa = PBXFileReference; lastKnownFileType = folder.assetcatalog; path = Images.xcassets; sourceTree = "<group>"; };
		9BB110F91974285B009CB789 /* MMHighSchoolMultiplyTests.xctest */ = {isa = PBXFileReference; explicitFileType = wrapper.cfbundle; includeInIndex = 0; path = MMHighSchoolMultiplyTests.xctest; sourceTree = BUILT_PRODUCTS_DIR; };
		9BB110FE1974285B009CB789 /* Info.plist */ = {isa = PBXFileReference; lastKnownFileType = text.plist.xml; path = Info.plist; sourceTree = "<group>"; };
		9BB110FF1974285B009CB789 /* MMHighSchoolMultiplyTests.swift */ = {isa = PBXFileReference; lastKnownFileType = sourcecode.swift; path = MMHighSchoolMultiplyTests.swift; sourceTree = "<group>"; };
/* End PBXFileReference section */

/* Begin PBXFrameworksBuildPhase section */
		9BB110E11974285B009CB789 /* Frameworks */ = {
			isa = PBXFrameworksBuildPhase;
			buildActionMask = 2147483647;
			files = (
			);
			runOnlyForDeploymentPostprocessing = 0;
		};
		9BB110F61974285B009CB789 /* Frameworks */ = {
			isa = PBXFrameworksBuildPhase;
			buildActionMask = 2147483647;
			files = (
			);
			runOnlyForDeploymentPostprocessing = 0;
		};
/* End PBXFrameworksBuildPhase section */

/* Begin PBXGroup section */
		9BB110DB1974285B009CB789 = {
			isa = PBXGroup;
			children = (
				9BB110E61974285B009CB789 /* MMHighSchoolMultiply */,
				9BB110FC1974285B009CB789 /* MMHighSchoolMultiplyTests */,
				9BB110E51974285B009CB789 /* Products */,
			);
			sourceTree = "<group>";
		};
		9BB110E51974285B009CB789 /* Products */ = {
			isa = PBXGroup;
			children = (
				9BB110E41974285B009CB789 /* MMHighSchoolMultiply.app */,
				9BB110F91974285B009CB789 /* MMHighSchoolMultiplyTests.xctest */,
			);
			name = Products;
			sourceTree = "<group>";
		};
		9BB110E61974285B009CB789 /* MMHighSchoolMultiply */ = {
			isa = PBXGroup;
			children = (
				9BB110E91974285B009CB789 /* AppDelegate.swift */,
				9BB110EE1974285B009CB789 /* ViewController.swift */,
				9BB110F01974285B009CB789 /* Main.storyboard */,
				9BB110F31974285B009CB789 /* Images.xcassets */,
				9BB110EB1974285B009CB789 /* MMHighSchoolMultiply.xcdatamodeld */,
				9BB110E71974285B009CB789 /* Supporting Files */,
			);
			path = MMHighSchoolMultiply;
			sourceTree = "<group>";
		};
		9BB110E71974285B009CB789 /* Supporting Files */ = {
			isa = PBXGroup;
			children = (
				9BB110E81974285B009CB789 /* Info.plist */,
			);
			name = "Supporting Files";
			sourceTree = "<group>";
		};
		9BB110FC1974285B009CB789 /* MMHighSchoolMultiplyTests */ = {
			isa = PBXGroup;
			children = (
				9BB110FF1974285B009CB789 /* MMHighSchoolMultiplyTests.swift */,
				9BB110FD1974285B009CB789 /* Supporting Files */,
			);
			path = MMHighSchoolMultiplyTests;
			sourceTree = "<group>";
		};
		9BB110FD1974285B009CB789 /* Supporting Files */ = {
			isa = PBXGroup;
			children = (
				9BB110FE1974285B009CB789 /* Info.plist */,
			);
			name = "Supporting Files";
			sourceTree = "<group>";
		};
/* End PBXGroup section */

/* Begin PBXNativeTarget section */
		9BB110E31974285B009CB789 /* MMHighSchoolMultiply */ = {
			isa = PBXNativeTarget;
			buildConfigurationList = 9BB111031974285B009CB789 /* Build configuration list for PBXNativeTarget "MMHighSchoolMultiply" */;
			buildPhases = (
				9BB110E01974285B009CB789 /* Sources */,
				9BB110E11974285B009CB789 /* Frameworks */,
				9BB110E21974285B009CB789 /* Resources */,
			);
			buildRules = (
			);
			dependencies = (
			);
			name = MMHighSchoolMultiply;
			productName = MMHighSchoolMultiply;
			productReference = 9BB110E41974285B009CB789 /* MMHighSchoolMultiply.app */;
			productType = "com.apple.product-type.application";
		};
		9BB110F81974285B009CB789 /* MMHighSchoolMultiplyTests */ = {
			isa = PBXNativeTarget;
			buildConfigurationList = 9BB111061974285B009CB789 /* Build configuration list for PBXNativeTarget "MMHighSchoolMultiplyTests" */;
			buildPhases = (
				9BB110F51974285B009CB789 /* Sources */,
				9BB110F61974285B009CB789 /* Frameworks */,
				9BB110F71974285B009CB789 /* Resources */,
			);
			buildRules = (
			);
			dependencies = (
				9BB110FB1974285B009CB789 /* PBXTargetDependency */,
			);
			name = MMHighSchoolMultiplyTests;
			productName = MMHighSchoolMultiplyTests;
			productReference = 9BB110F91974285B009CB789 /* MMHighSchoolMultiplyTests.xctest */;
			productType = "com.apple.product-type.bundle.unit-test";
		};
/* End PBXNativeTarget section */

/* Begin PBXProject section */
		9BB110DC1974285B009CB789 /* Project object */ = {
			isa = PBXProject;
			attributes = {
				LastUpgradeCheck = 0600;
				ORGANIZATIONNAME = Rich;
				TargetAttributes = {
					9BB110E31974285B009CB789 = {
						CreatedOnToolsVersion = 6.0;
					};
					9BB110F81974285B009CB789 = {
						CreatedOnToolsVersion = 6.0;
						TestTargetID = 9BB110E31974285B009CB789;
					};
				};
			};
			buildConfigurationList = 9BB110DF1974285B009CB789 /* Build configuration list for PBXProject "MMHighSchoolMultiply" */;
			compatibilityVersion = "Xcode 3.2";
			developmentRegion = English;
			hasScannedForEncodings = 0;
			knownRegions = (
				en,
				Base,
			);
			mainGroup = 9BB110DB1974285B009CB789;
			productRefGroup = 9BB110E51974285B009CB789 /* Products */;
			projectDirPath = "";
			projectRoot = "";
			targets = (
				9BB110E31974285B009CB789 /* MMHighSchoolMultiply */,
				9BB110F81974285B009CB789 /* MMHighSchoolMultiplyTests */,
			);
		};
/* End PBXProject section */

/* Begin PBXResourcesBuildPhase section */
		9BB110E21974285B009CB789 /* Resources */ = {
			isa = PBXResourcesBuildPhase;
			buildActionMask = 2147483647;
			files = (
				9BB110F21974285B009CB789 /* Main.storyboard in Resources */,
				9BB110F41974285B009CB789 /* Images.xcassets in Resources */,
			);
			runOnlyForDeploymentPostprocessing = 0;
		};
		9BB110F71974285B009CB789 /* Resources */ = {
			isa = PBXResourcesBuildPhase;
			buildActionMask = 2147483647;
			files = (
			);
			runOnlyForDeploymentPostprocessing = 0;
		};
/* End PBXResourcesBuildPhase section */

/* Begin PBXSourcesBuildPhase section */
		9BB110E01974285B009CB789 /* Sources */ = {
			isa = PBXSourcesBuildPhase;
			buildActionMask = 2147483647;
			files = (
				9BB110EF1974285B009CB789 /* ViewController.swift in Sources */,
				9BB110EA1974285B009CB789 /* AppDelegate.swift in Sources */,
				9BB110ED1974285B009CB789 /* MMHighSchoolMultiply.xcdatamodeld in Sources */,
			);
			runOnlyForDeploymentPostprocessing = 0;
		};
		9BB110F51974285B009CB789 /* Sources */ = {
			isa = PBXSourcesBuildPhase;
			buildActionMask = 2147483647;
			files = (
				9BB111001974285B009CB789 /* MMHighSchoolMultiplyTests.swift in Sources */,
			);
			runOnlyForDeploymentPostprocessing = 0;
		};
/* End PBXSourcesBuildPhase section */

/* Begin PBXTargetDependency section */
		9BB110FB1974285B009CB789 /* PBXTargetDependency */ = {
			isa = PBXTargetDependency;
			target = 9BB110E31974285B009CB789 /* MMHighSchoolMultiply */;
			targetProxy = 9BB110FA1974285B009CB789 /* PBXContainerItemProxy */;
		};
/* End PBXTargetDependency section */

/* Begin PBXVariantGroup section */
		9BB110F01974285B009CB789 /* Main.storyboard */ = {
			isa = PBXVariantGroup;
			children = (
				9BB110F11974285B009CB789 /* Base */,
			);
			name = Main.storyboard;
			sourceTree = "<group>";
		};
/* End PBXVariantGroup section */

/* Begin XCBuildConfiguration section */
		9BB111011974285B009CB789 /* Debug */ = {
			isa = XCBuildConfiguration;
			buildSettings = {
				ALWAYS_SEARCH_USER_PATHS = NO;
				CLANG_CXX_LANGUAGE_STANDARD = "gnu++0x";
				CLANG_CXX_LIBRARY = "libc++";
				CLANG_ENABLE_MODULES = YES;
				CLANG_ENABLE_OBJC_ARC = YES;
				CLANG_WARN_BOOL_CONVERSION = YES;
				CLANG_WARN_CONSTANT_CONVERSION = YES;
				CLANG_WARN_DIRECT_OBJC_ISA_USAGE = YES_ERROR;
				CLANG_WARN_EMPTY_BODY = YES;
				CLANG_WARN_ENUM_CONVERSION = YES;
				CLANG_WARN_INT_CONVERSION = YES;
				CLANG_WARN_OBJC_ROOT_CLASS = YES_ERROR;
				CLANG_WARN_UNREACHABLE_CODE = YES;
				CLANG_WARN__DUPLICATE_METHOD_MATCH = YES;
				"CODE_SIGN_IDENTITY[sdk=iphoneos*]" = "iPhone Developer";
				COPY_PHASE_STRIP = NO;
				ENABLE_STRICT_OBJC_MSGSEND = YES;
				GCC_C_LANGUAGE_STANDARD = gnu99;
				GCC_DYNAMIC_NO_PIC = NO;
				GCC_OPTIMIZATION_LEVEL = 0;
				GCC_PREPROCESSOR_DEFINITIONS = (
					"DEBUG=1",
					"$(inherited)",
				);
				GCC_SYMBOLS_PRIVATE_EXTERN = NO;
				GCC_WARN_64_TO_32_BIT_CONVERSION = YES;
				GCC_WARN_ABOUT_RETURN_TYPE = YES_ERROR;
				GCC_WARN_UNDECLARED_SELECTOR = YES;
				GCC_WARN_UNINITIALIZED_AUTOS = YES_AGGRESSIVE;
				GCC_WARN_UNUSED_FUNCTION = YES;
				GCC_WARN_UNUSED_VARIABLE = YES;
				IPHONEOS_DEPLOYMENT_TARGET = 8.0;
				MTL_ENABLE_DEBUG_INFO = YES;
				ONLY_ACTIVE_ARCH = YES;
				SDKROOT = iphoneos;
				SWIFT_OPTIMIZATION_LEVEL = "-Onone";
			};
			name = Debug;
		};
		9BB111021974285B009CB789 /* Release */ = {
			isa = XCBuildConfiguration;
			buildSettings = {
				ALWAYS_SEARCH_USER_PATHS = NO;
				CLANG_CXX_LANGUAGE_STANDARD = "gnu++0x";
				CLANG_CXX_LIBRARY = "libc++";
				CLANG_ENABLE_MODULES = YES;
				CLANG_ENABLE_OBJC_ARC = YES;
				CLANG_WARN_BOOL_CONVERSION = YES;
				CLANG_WARN_CONSTANT_CONVERSION = YES;
				CLANG_WARN_DIRECT_OBJC_ISA_USAGE = YES_ERROR;
				CLANG_WARN_EMPTY_BODY = YES;
				CLANG_WARN_ENUM_CONVERSION = YES;
				CLANG_WARN_INT_CONVERSION = YES;
				CLANG_WARN_OBJC_ROOT_CLASS = YES_ERROR;
				CLANG_WARN_UNREACHABLE_CODE = YES;
				CLANG_WARN__DUPLICATE_METHOD_MATCH = YES;
				"CODE_SIGN_IDENTITY[sdk=iphoneos*]" = "iPhone Developer";
				COPY_PHASE_STRIP = YES;
				ENABLE_NS_ASSERTIONS = NO;
				ENABLE_STRICT_OBJC_MSGSEND = YES;
				GCC_C_LANGUAGE_STANDARD = gnu99;
				GCC_WARN_64_TO_32_BIT_CONVERSION = YES;
				GCC_WARN_ABOUT_RETURN_TYPE = YES_ERROR;
				GCC_WARN_UNDECLARED_SELECTOR = YES;
				GCC_WARN_UNINITIALIZED_AUTOS = YES_AGGRESSIVE;
				GCC_WARN_UNUSED_FUNCTION = YES;
				GCC_WARN_UNUSED_VARIABLE = YES;
				IPHONEOS_DEPLOYMENT_TARGET = 8.0;
				MTL_ENABLE_DEBUG_INFO = NO;
				SDKROOT = iphoneos;
				VALIDATE_PRODUCT = YES;
			};
			name = Release;
		};
		9BB111041974285B009CB789 /* Debug */ = {
			isa = XCBuildConfiguration;
			buildSettings = {
				ASSETCATALOG_COMPILER_APPICON_NAME = AppIcon;
				ASSETCATALOG_COMPILER_LAUNCHIMAGE_NAME = LaunchImage;
				INFOPLIST_FILE = MMHighSchoolMultiply/Info.plist;
				LD_RUNPATH_SEARCH_PATHS = "$(inherited) @executable_path/Frameworks";
				PRODUCT_NAME = "$(TARGET_NAME)";
			};
			name = Debug;
		};
		9BB111051974285B009CB789 /* Release */ = {
			isa = XCBuildConfiguration;
			buildSettings = {
				ASSETCATALOG_COMPILER_APPICON_NAME = AppIcon;
				ASSETCATALOG_COMPILER_LAUNCHIMAGE_NAME = LaunchImage;
				INFOPLIST_FILE = MMHighSchoolMultiply/Info.plist;
				LD_RUNPATH_SEARCH_PATHS = "$(inherited) @executable_path/Frameworks";
				PRODUCT_NAME = "$(TARGET_NAME)";
			};
			name = Release;
		};
		9BB111071974285B009CB789 /* Debug */ = {
			isa = XCBuildConfiguration;
			buildSettings = {
				BUNDLE_LOADER = "$(BUILT_PRODUCTS_DIR)/MMHighSchoolMultiply.app/MMHighSchoolMultiply";
				FRAMEWORK_SEARCH_PATHS = (
					"$(SDKROOT)/Developer/Library/Frameworks",
					"$(inherited)",
				);
				GCC_PREPROCESSOR_DEFINITIONS = (
					"DEBUG=1",
					"$(inherited)",
				);
				INFOPLIST_FILE = MMHighSchoolMultiplyTests/Info.plist;
				LD_RUNPATH_SEARCH_PATHS = "$(inherited) @executable_path/Frameworks @loader_path/Frameworks";
				PRODUCT_NAME = "$(TARGET_NAME)";
				TEST_HOST = "$(BUNDLE_LOADER)";
			};
			name = Debug;
		};
		9BB111081974285B009CB789 /* Release */ = {
			isa = XCBuildConfiguration;
			buildSettings = {
				BUNDLE_LOADER = "$(BUILT_PRODUCTS_DIR)/MMHighSchoolMultiply.app/MMHighSchoolMultiply";
				FRAMEWORK_SEARCH_PATHS = (
					"$(SDKROOT)/Developer/Library/Frameworks",
					"$(inherited)",
				);
				INFOPLIST_FILE = MMHighSchoolMultiplyTests/Info.plist;
				LD_RUNPATH_SEARCH_PATHS = "$(inherited) @executable_path/Frameworks @loader_path/Frameworks";
				PRODUCT_NAME = "$(TARGET_NAME)";
				TEST_HOST = "$(BUNDLE_LOADER)";
			};
			name = Release;
		};
/* End XCBuildConfiguration section */

/* Begin XCConfigurationList section */
		9BB110DF1974285B009CB789 /* Build configuration list for PBXProject "MMHighSchoolMultiply" */ = {
			isa = XCConfigurationList;
			buildConfigurations = (
				9BB111011974285B009CB789 /* Debug */,
				9BB111021974285B009CB789 /* Release */,
			);
			defaultConfigurationIsVisible = 0;
			defaultConfigurationName = Release;
		};
		9BB111031974285B009CB789 /* Build configuration list for PBXNativeTarget "MMHighSchoolMultiply" */ = {
			isa = XCConfigurationList;
			buildConfigurations = (
				9BB111041974285B009CB789 /* Debug */,
				9BB111051974285B009CB789 /* Release */,
			);
			defaultConfigurationIsVisible = 0;
		};
		9BB111061974285B009CB789 /* Build configuration list for PBXNativeTarget "MMHighSchoolMultiplyTests" */ = {
			isa = XCConfigurationList;
			buildConfigurations = (
				9BB111071974285B009CB789 /* Debug */,
				9BB111081974285B009CB789 /* Release */,
			);
			defaultConfigurationIsVisible = 0;
		};
/* End XCConfigurationList section */

/* Begin XCVersionGroup section */
		9BB110EB1974285B009CB789 /* MMHighSchoolMultiply.xcdatamodeld */ = {
			isa = XCVersionGroup;
			children = (
				9BB110EC1974285B009CB789 /* MMHighSchoolMultiply.xcdatamodel */,
			);
			currentVersion = 9BB110EC1974285B009CB789 /* MMHighSchoolMultiply.xcdatamodel */;
			path = MMHighSchoolMultiply.xcdatamodeld;
			sourceTree = "<group>";
			versionGroupType = wrapper.xcdatamodel;
		};
/* End XCVersionGroup section */
	};
	rootObject = 9BB110DC1974285B009CB789 /* Project object */;
}
